// !$*UTF8*$!
{
	archiveVersion = 1;
	classes = {
	};
	objectVersion = 63;
	objects = {

/* Begin PBXBuildFile section */
		3A3709962BEB038200AA7B51 /* AccessToken.swift in Sources */ = {isa = PBXBuildFile; fileRef = 3A3709952BEB038200AA7B51 /* AccessToken.swift */; };
		3A5441332BCDF10900385131 /* ContentView.swift in Sources */ = {isa = PBXBuildFile; fileRef = 3A5441322BCDF10900385131 /* ContentView.swift */; };
		3A5441352BCDF10B00385131 /* Assets.xcassets in Resources */ = {isa = PBXBuildFile; fileRef = 3A5441342BCDF10B00385131 /* Assets.xcassets */; };
		3A5441382BCDF10B00385131 /* Preview Assets.xcassets in Resources */ = {isa = PBXBuildFile; fileRef = 3A5441372BCDF10B00385131 /* Preview Assets.xcassets */; };
		3A5441422BCDF10B00385131 /* PingExampleTests.swift in Sources */ = {isa = PBXBuildFile; fileRef = 3A5441412BCDF10B00385131 /* PingExampleTests.swift */; };
		3A54414C2BCDF10B00385131 /* PingExampleUITests.swift in Sources */ = {isa = PBXBuildFile; fileRef = 3A54414B2BCDF10B00385131 /* PingExampleUITests.swift */; };
		3A54414E2BCDF10B00385131 /* PingExampleUITestsLaunchTests.swift in Sources */ = {isa = PBXBuildFile; fileRef = 3A54414D2BCDF10B00385131 /* PingExampleUITestsLaunchTests.swift */; };
		3A8092F42BE99F0F00AD667F /* InputView.swift in Sources */ = {isa = PBXBuildFile; fileRef = 3A8092F32BE99F0F00AD667F /* InputView.swift */; };
		3A8092F62BE9BB6B00AD667F /* TokenViewModel.swift in Sources */ = {isa = PBXBuildFile; fileRef = 3A8092F52BE9BB6B00AD667F /* TokenViewModel.swift */; };
		3A8532332BE2D5D800F8619D /* LoginView.swift in Sources */ = {isa = PBXBuildFile; fileRef = 3A8532322BE2D5D800F8619D /* LoginView.swift */; };
		3AB1C9F42BD6C6F3003FCE3C /* LoginViewModel.swift in Sources */ = {isa = PBXBuildFile; fileRef = 3AB1C9F32BD6C6F3003FCE3C /* LoginViewModel.swift */; };
		3ACD90E12BE586BC00DABCE6 /* DavinciViewModel.swift in Sources */ = {isa = PBXBuildFile; fileRef = 3ACD90E02BE586BC00DABCE6 /* DavinciViewModel.swift */; };
		3AE945742BF27224007B3381 /* LoginUtility.swift in Sources */ = {isa = PBXBuildFile; fileRef = 3AE945732BF27223007B3381 /* LoginUtility.swift */; };
		958FE4AD2D01250D0008D480 /* PingDavinci.framework in Frameworks */ = {isa = PBXBuildFile; fileRef = A57A091A2CE511E7006F0CBB /* PingDavinci.framework */; };
		958FE4AE2D01250D0008D480 /* PingDavinci.framework in Embed Frameworks */ = {isa = PBXBuildFile; fileRef = A57A091A2CE511E7006F0CBB /* PingDavinci.framework */; settings = {ATTRIBUTES = (CodeSignOnCopy, RemoveHeadersOnCopy, ); }; };
		958FE4AF2D01250D0008D480 /* PingLogger.framework in Frameworks */ = {isa = PBXBuildFile; fileRef = A57A08FA2CE50D51006F0CBB /* PingLogger.framework */; };
		958FE4B02D01250D0008D480 /* PingLogger.framework in Embed Frameworks */ = {isa = PBXBuildFile; fileRef = A57A08FA2CE50D51006F0CBB /* PingLogger.framework */; settings = {ATTRIBUTES = (CodeSignOnCopy, RemoveHeadersOnCopy, ); }; };
		958FE4B12D01250D0008D480 /* PingOidc.framework in Frameworks */ = {isa = PBXBuildFile; fileRef = A57A09122CE51162006F0CBB /* PingOidc.framework */; };
		958FE4B22D01250D0008D480 /* PingOidc.framework in Embed Frameworks */ = {isa = PBXBuildFile; fileRef = A57A09122CE51162006F0CBB /* PingOidc.framework */; settings = {ATTRIBUTES = (CodeSignOnCopy, RemoveHeadersOnCopy, ); }; };
		958FE4B32D01250D0008D480 /* PingOrchestrate.framework in Frameworks */ = {isa = PBXBuildFile; fileRef = A57A090A2CE50FA5006F0CBB /* PingOrchestrate.framework */; };
		958FE4B42D01250D0008D480 /* PingOrchestrate.framework in Embed Frameworks */ = {isa = PBXBuildFile; fileRef = A57A090A2CE50FA5006F0CBB /* PingOrchestrate.framework */; settings = {ATTRIBUTES = (CodeSignOnCopy, RemoveHeadersOnCopy, ); }; };
		958FE4B52D01250D0008D480 /* PingStorage.framework in Frameworks */ = {isa = PBXBuildFile; fileRef = A57A09022CE50EF1006F0CBB /* PingStorage.framework */; };
		958FE4B62D01250D0008D480 /* PingStorage.framework in Embed Frameworks */ = {isa = PBXBuildFile; fileRef = A57A09022CE50EF1006F0CBB /* PingStorage.framework */; settings = {ATTRIBUTES = (CodeSignOnCopy, RemoveHeadersOnCopy, ); }; };
		A588D0062BF6A0E500F9052A /* StorageViewModel.swift in Sources */ = {isa = PBXBuildFile; fileRef = A588D0042BF6A0E500F9052A /* StorageViewModel.swift */; };
		A588D0072BF6A0E500F9052A /* LoggerViewModel.swift in Sources */ = {isa = PBXBuildFile; fileRef = A588D0052BF6A0E500F9052A /* LoggerViewModel.swift */; };
/* End PBXBuildFile section */

/* Begin PBXContainerItemProxy section */
		3A54413E2BCDF10B00385131 /* PBXContainerItemProxy */ = {
			isa = PBXContainerItemProxy;
			containerPortal = 3A5441252BCDF10900385131 /* Project object */;
			proxyType = 1;
			remoteGlobalIDString = 3A54412C2BCDF10900385131;
			remoteInfo = PingExample;
		};
		3A5441482BCDF10B00385131 /* PBXContainerItemProxy */ = {
			isa = PBXContainerItemProxy;
			containerPortal = 3A5441252BCDF10900385131 /* Project object */;
			proxyType = 1;
			remoteGlobalIDString = 3A54412C2BCDF10900385131;
			remoteInfo = PingExample;
		};
		A57A08F92CE50D51006F0CBB /* PBXContainerItemProxy */ = {
			isa = PBXContainerItemProxy;
			containerPortal = A588CFEA2BF69F1A00F9052A /* Logger.xcodeproj */;
			proxyType = 2;
			remoteGlobalIDString = A5A796AE2BE04E67004D0F2D;
			remoteInfo = Logger;
		};
		A57A08FB2CE50D51006F0CBB /* PBXContainerItemProxy */ = {
			isa = PBXContainerItemProxy;
			containerPortal = A588CFEA2BF69F1A00F9052A /* Logger.xcodeproj */;
			proxyType = 2;
			remoteGlobalIDString = A5A796B62BE04E68004D0F2D;
			remoteInfo = LoggerTests;
		};
		A57A09012CE50EF1006F0CBB /* PBXContainerItemProxy */ = {
			isa = PBXContainerItemProxy;
			containerPortal = A588CFF92BF69F3300F9052A /* Storage.xcodeproj */;
			proxyType = 2;
			remoteGlobalIDString = A5A796FA2BE1782E004D0F2D;
			remoteInfo = Storage;
		};
		A57A09032CE50EF1006F0CBB /* PBXContainerItemProxy */ = {
			isa = PBXContainerItemProxy;
			containerPortal = A588CFF92BF69F3300F9052A /* Storage.xcodeproj */;
			proxyType = 2;
			remoteGlobalIDString = A5A797042BE1782F004D0F2D;
			remoteInfo = StorageTests;
		};
		A57A09092CE50FA5006F0CBB /* PBXContainerItemProxy */ = {
			isa = PBXContainerItemProxy;
			containerPortal = 3A5442212BCE1F3800385131 /* Orchestrate.xcodeproj */;
			proxyType = 2;
			remoteGlobalIDString = 3A5441742BCDF1D900385131;
			remoteInfo = Orchestrate;
		};
		A57A090B2CE50FA5006F0CBB /* PBXContainerItemProxy */ = {
			isa = PBXContainerItemProxy;
			containerPortal = 3A5442212BCE1F3800385131 /* Orchestrate.xcodeproj */;
			proxyType = 2;
			remoteGlobalIDString = 3A54417E2BCDF1D900385131;
			remoteInfo = OrchestrateTests;
		};
		A57A09112CE51162006F0CBB /* PBXContainerItemProxy */ = {
			isa = PBXContainerItemProxy;
			containerPortal = 3AB1CA1F2BD6F9AD003FCE3C /* Oidc.xcodeproj */;
			proxyType = 2;
			remoteGlobalIDString = 3AB1CA072BD6F99C003FCE3C;
			remoteInfo = Oidc;
		};
		A57A09132CE51162006F0CBB /* PBXContainerItemProxy */ = {
			isa = PBXContainerItemProxy;
			containerPortal = 3AB1CA1F2BD6F9AD003FCE3C /* Oidc.xcodeproj */;
			proxyType = 2;
			remoteGlobalIDString = 3AB1CA0F2BD6F99C003FCE3C;
			remoteInfo = OidcTests;
		};
		A57A09192CE511E7006F0CBB /* PBXContainerItemProxy */ = {
			isa = PBXContainerItemProxy;
			containerPortal = 3A54420F2BCE1F2900385131 /* Davinci.xcodeproj */;
			proxyType = 2;
			remoteGlobalIDString = 3A5441A12BCDF20700385131;
			remoteInfo = Davinci;
		};
		A57A091B2CE511E7006F0CBB /* PBXContainerItemProxy */ = {
			isa = PBXContainerItemProxy;
			containerPortal = 3A54420F2BCE1F2900385131 /* Davinci.xcodeproj */;
			proxyType = 2;
			remoteGlobalIDString = 3A5441A92BCDF20700385131;
			remoteInfo = DavinciTests;
		};
/* End PBXContainerItemProxy section */

/* Begin PBXCopyFilesBuildPhase section */
		3A203D872BDB1A900020C995 /* Embed Frameworks */ = {
			isa = PBXCopyFilesBuildPhase;
			buildActionMask = 2147483647;
			dstPath = "";
			dstSubfolderSpec = 10;
			files = (
				958FE4B02D01250D0008D480 /* PingLogger.framework in Embed Frameworks */,
				958FE4B22D01250D0008D480 /* PingOidc.framework in Embed Frameworks */,
				958FE4AE2D01250D0008D480 /* PingDavinci.framework in Embed Frameworks */,
				958FE4B62D01250D0008D480 /* PingStorage.framework in Embed Frameworks */,
				958FE4B42D01250D0008D480 /* PingOrchestrate.framework in Embed Frameworks */,
			);
			name = "Embed Frameworks";
			runOnlyForDeploymentPostprocessing = 0;
		};
/* End PBXCopyFilesBuildPhase section */

/* Begin PBXFileReference section */
		3A3709952BEB038200AA7B51 /* AccessToken.swift */ = {isa = PBXFileReference; lastKnownFileType = sourcecode.swift; path = AccessToken.swift; sourceTree = "<group>"; };
		3A54412D2BCDF10900385131 /* PingExample.app */ = {isa = PBXFileReference; explicitFileType = wrapper.application; includeInIndex = 0; path = PingExample.app; sourceTree = BUILT_PRODUCTS_DIR; };
		3A5441322BCDF10900385131 /* ContentView.swift */ = {isa = PBXFileReference; lastKnownFileType = sourcecode.swift; path = ContentView.swift; sourceTree = "<group>"; };
		3A5441342BCDF10B00385131 /* Assets.xcassets */ = {isa = PBXFileReference; lastKnownFileType = folder.assetcatalog; path = Assets.xcassets; sourceTree = "<group>"; };
		3A5441372BCDF10B00385131 /* Preview Assets.xcassets */ = {isa = PBXFileReference; lastKnownFileType = folder.assetcatalog; path = "Preview Assets.xcassets"; sourceTree = "<group>"; };
		3A54413D2BCDF10B00385131 /* PingExampleTests.xctest */ = {isa = PBXFileReference; explicitFileType = wrapper.cfbundle; includeInIndex = 0; path = PingExampleTests.xctest; sourceTree = BUILT_PRODUCTS_DIR; };
		3A5441412BCDF10B00385131 /* PingExampleTests.swift */ = {isa = PBXFileReference; lastKnownFileType = sourcecode.swift; path = PingExampleTests.swift; sourceTree = "<group>"; };
		3A5441472BCDF10B00385131 /* PingExampleUITests.xctest */ = {isa = PBXFileReference; explicitFileType = wrapper.cfbundle; includeInIndex = 0; path = PingExampleUITests.xctest; sourceTree = BUILT_PRODUCTS_DIR; };
		3A54414B2BCDF10B00385131 /* PingExampleUITests.swift */ = {isa = PBXFileReference; lastKnownFileType = sourcecode.swift; path = PingExampleUITests.swift; sourceTree = "<group>"; };
		3A54414D2BCDF10B00385131 /* PingExampleUITestsLaunchTests.swift */ = {isa = PBXFileReference; lastKnownFileType = sourcecode.swift; path = PingExampleUITestsLaunchTests.swift; sourceTree = "<group>"; };
		3A54420F2BCE1F2900385131 /* Davinci.xcodeproj */ = {isa = PBXFileReference; lastKnownFileType = "wrapper.pb-project"; name = Davinci.xcodeproj; path = ../../Davinci/Davinci.xcodeproj; sourceTree = "<group>"; };
		3A5442212BCE1F3800385131 /* Orchestrate.xcodeproj */ = {isa = PBXFileReference; lastKnownFileType = "wrapper.pb-project"; name = Orchestrate.xcodeproj; path = ../../Orchestrate/Orchestrate.xcodeproj; sourceTree = "<group>"; };
		3A8092F32BE99F0F00AD667F /* InputView.swift */ = {isa = PBXFileReference; lastKnownFileType = sourcecode.swift; path = InputView.swift; sourceTree = "<group>"; };
		3A8092F52BE9BB6B00AD667F /* TokenViewModel.swift */ = {isa = PBXFileReference; lastKnownFileType = sourcecode.swift; path = TokenViewModel.swift; sourceTree = "<group>"; };
		3A8532322BE2D5D800F8619D /* LoginView.swift */ = {isa = PBXFileReference; lastKnownFileType = sourcecode.swift; path = LoginView.swift; sourceTree = "<group>"; };
		3AB1C9F32BD6C6F3003FCE3C /* LoginViewModel.swift */ = {isa = PBXFileReference; lastKnownFileType = sourcecode.swift; path = LoginViewModel.swift; sourceTree = "<group>"; };
		3AB1CA1F2BD6F9AD003FCE3C /* Oidc.xcodeproj */ = {isa = PBXFileReference; lastKnownFileType = "wrapper.pb-project"; name = Oidc.xcodeproj; path = ../../Oidc/Oidc.xcodeproj; sourceTree = "<group>"; };
		3ACD90E02BE586BC00DABCE6 /* DavinciViewModel.swift */ = {isa = PBXFileReference; lastKnownFileType = sourcecode.swift; path = DavinciViewModel.swift; sourceTree = "<group>"; };
		3AE945732BF27223007B3381 /* LoginUtility.swift */ = {isa = PBXFileReference; fileEncoding = 4; lastKnownFileType = sourcecode.swift; path = LoginUtility.swift; sourceTree = "<group>"; };
		A588CFEA2BF69F1A00F9052A /* Logger.xcodeproj */ = {isa = PBXFileReference; lastKnownFileType = "wrapper.pb-project"; name = Logger.xcodeproj; path = ../../Logger/Logger.xcodeproj; sourceTree = "<group>"; };
		A588CFF92BF69F3300F9052A /* Storage.xcodeproj */ = {isa = PBXFileReference; lastKnownFileType = "wrapper.pb-project"; name = Storage.xcodeproj; path = ../../Storage/Storage.xcodeproj; sourceTree = "<group>"; };
		A588D0042BF6A0E500F9052A /* StorageViewModel.swift */ = {isa = PBXFileReference; fileEncoding = 4; lastKnownFileType = sourcecode.swift; path = StorageViewModel.swift; sourceTree = "<group>"; };
		A588D0052BF6A0E500F9052A /* LoggerViewModel.swift */ = {isa = PBXFileReference; fileEncoding = 4; lastKnownFileType = sourcecode.swift; path = LoggerViewModel.swift; sourceTree = "<group>"; };
/* End PBXFileReference section */

/* Begin PBXFrameworksBuildPhase section */
		3A54412A2BCDF10900385131 /* Frameworks */ = {
			isa = PBXFrameworksBuildPhase;
			buildActionMask = 2147483647;
			files = (
				958FE4AF2D01250D0008D480 /* PingLogger.framework in Frameworks */,
				958FE4B12D01250D0008D480 /* PingOidc.framework in Frameworks */,
				958FE4AD2D01250D0008D480 /* PingDavinci.framework in Frameworks */,
				958FE4B52D01250D0008D480 /* PingStorage.framework in Frameworks */,
				958FE4B32D01250D0008D480 /* PingOrchestrate.framework in Frameworks */,
			);
			runOnlyForDeploymentPostprocessing = 0;
		};
		3A54413A2BCDF10B00385131 /* Frameworks */ = {
			isa = PBXFrameworksBuildPhase;
			buildActionMask = 2147483647;
			files = (
			);
			runOnlyForDeploymentPostprocessing = 0;
		};
		3A5441442BCDF10B00385131 /* Frameworks */ = {
			isa = PBXFrameworksBuildPhase;
			buildActionMask = 2147483647;
			files = (
			);
			runOnlyForDeploymentPostprocessing = 0;
		};
/* End PBXFrameworksBuildPhase section */

/* Begin PBXGroup section */
		3A5441242BCDF10900385131 = {
			isa = PBXGroup;
			children = (
				A588CFEA2BF69F1A00F9052A /* Logger.xcodeproj */,
				A588CFF92BF69F3300F9052A /* Storage.xcodeproj */,
				3A5442212BCE1F3800385131 /* Orchestrate.xcodeproj */,
				3AB1CA1F2BD6F9AD003FCE3C /* Oidc.xcodeproj */,
				3A54420F2BCE1F2900385131 /* Davinci.xcodeproj */,
				3A54412F2BCDF10900385131 /* PingExample */,
				3A5441402BCDF10B00385131 /* PingExampleTests */,
				3A54414A2BCDF10B00385131 /* PingExampleUITests */,
				3A54412E2BCDF10900385131 /* Products */,
				3A5441642BCDF17600385131 /* Frameworks */,
			);
			sourceTree = "<group>";
		};
		3A54412E2BCDF10900385131 /* Products */ = {
			isa = PBXGroup;
			children = (
				3A54412D2BCDF10900385131 /* PingExample.app */,
				3A54413D2BCDF10B00385131 /* PingExampleTests.xctest */,
				3A5441472BCDF10B00385131 /* PingExampleUITests.xctest */,
			);
			name = Products;
			sourceTree = "<group>";
		};
		3A54412F2BCDF10900385131 /* PingExample */ = {
			isa = PBXGroup;
			children = (
				3AE945732BF27223007B3381 /* LoginUtility.swift */,
				3A5441322BCDF10900385131 /* ContentView.swift */,
				3A8532322BE2D5D800F8619D /* LoginView.swift */,
				3A3709952BEB038200AA7B51 /* AccessToken.swift */,
				3AB1C9F32BD6C6F3003FCE3C /* LoginViewModel.swift */,
				3ACD90E02BE586BC00DABCE6 /* DavinciViewModel.swift */,
				3A8092F52BE9BB6B00AD667F /* TokenViewModel.swift */,
				3A8092F32BE99F0F00AD667F /* InputView.swift */,
				A588D0052BF6A0E500F9052A /* LoggerViewModel.swift */,
				A588D0042BF6A0E500F9052A /* StorageViewModel.swift */,
				3A5441342BCDF10B00385131 /* Assets.xcassets */,
				3A5441362BCDF10B00385131 /* Preview Content */,
			);
			path = PingExample;
			sourceTree = "<group>";
		};
		3A5441362BCDF10B00385131 /* Preview Content */ = {
			isa = PBXGroup;
			children = (
				3A5441372BCDF10B00385131 /* Preview Assets.xcassets */,
			);
			path = "Preview Content";
			sourceTree = "<group>";
		};
		3A5441402BCDF10B00385131 /* PingExampleTests */ = {
			isa = PBXGroup;
			children = (
				3A5441412BCDF10B00385131 /* PingExampleTests.swift */,
			);
			path = PingExampleTests;
			sourceTree = "<group>";
		};
		3A54414A2BCDF10B00385131 /* PingExampleUITests */ = {
			isa = PBXGroup;
			children = (
				3A54414B2BCDF10B00385131 /* PingExampleUITests.swift */,
				3A54414D2BCDF10B00385131 /* PingExampleUITestsLaunchTests.swift */,
			);
			path = PingExampleUITests;
			sourceTree = "<group>";
		};
		3A5441642BCDF17600385131 /* Frameworks */ = {
			isa = PBXGroup;
			children = (
			);
			name = Frameworks;
			sourceTree = "<group>";
		};
		A57A08F52CE50D51006F0CBB /* Products */ = {
			isa = PBXGroup;
			children = (
				A57A08FA2CE50D51006F0CBB /* PingLogger.framework */,
				A57A08FC2CE50D51006F0CBB /* LoggerTests.xctest */,
			);
			name = Products;
			sourceTree = "<group>";
		};
		A57A08FD2CE50EF1006F0CBB /* Products */ = {
			isa = PBXGroup;
			children = (
				A57A09022CE50EF1006F0CBB /* PingStorage.framework */,
				A57A09042CE50EF1006F0CBB /* StorageTests.xctest */,
			);
			name = Products;
			sourceTree = "<group>";
		};
		A57A09052CE50FA5006F0CBB /* Products */ = {
			isa = PBXGroup;
			children = (
				A57A090A2CE50FA5006F0CBB /* PingOrchestrate.framework */,
				A57A090C2CE50FA5006F0CBB /* OrchestrateTests.xctest */,
			);
			name = Products;
			sourceTree = "<group>";
		};
		A57A090D2CE51162006F0CBB /* Products */ = {
			isa = PBXGroup;
			children = (
				A57A09122CE51162006F0CBB /* PingOidc.framework */,
				A57A09142CE51162006F0CBB /* OidcTests.xctest */,
			);
			name = Products;
			sourceTree = "<group>";
		};
		A57A09152CE511E7006F0CBB /* Products */ = {
			isa = PBXGroup;
			children = (
				A57A091A2CE511E7006F0CBB /* PingDavinci.framework */,
				A57A091C2CE511E7006F0CBB /* DavinciTests.xctest */,
			);
			name = Products;
			sourceTree = "<group>";
		};
/* End PBXGroup section */

/* Begin PBXNativeTarget section */
		3A54412C2BCDF10900385131 /* PingExample */ = {
			isa = PBXNativeTarget;
			buildConfigurationList = 3A5441512BCDF10B00385131 /* Build configuration list for PBXNativeTarget "PingExample" */;
			buildPhases = (
				3A5441292BCDF10900385131 /* Sources */,
				3A54412A2BCDF10900385131 /* Frameworks */,
				3A54412B2BCDF10900385131 /* Resources */,
				3A203D872BDB1A900020C995 /* Embed Frameworks */,
			);
			buildRules = (
			);
			dependencies = (
			);
			name = PingExample;
			productName = PingExample;
			productReference = 3A54412D2BCDF10900385131 /* PingExample.app */;
			productType = "com.apple.product-type.application";
		};
		3A54413C2BCDF10B00385131 /* PingExampleTests */ = {
			isa = PBXNativeTarget;
			buildConfigurationList = 3A5441542BCDF10B00385131 /* Build configuration list for PBXNativeTarget "PingExampleTests" */;
			buildPhases = (
				3A5441392BCDF10B00385131 /* Sources */,
				3A54413A2BCDF10B00385131 /* Frameworks */,
				3A54413B2BCDF10B00385131 /* Resources */,
			);
			buildRules = (
			);
			dependencies = (
				3A54413F2BCDF10B00385131 /* PBXTargetDependency */,
			);
			name = PingExampleTests;
			productName = PingExampleTests;
			productReference = 3A54413D2BCDF10B00385131 /* PingExampleTests.xctest */;
			productType = "com.apple.product-type.bundle.unit-test";
		};
		3A5441462BCDF10B00385131 /* PingExampleUITests */ = {
			isa = PBXNativeTarget;
			buildConfigurationList = 3A5441572BCDF10B00385131 /* Build configuration list for PBXNativeTarget "PingExampleUITests" */;
			buildPhases = (
				3A5441432BCDF10B00385131 /* Sources */,
				3A5441442BCDF10B00385131 /* Frameworks */,
				3A5441452BCDF10B00385131 /* Resources */,
			);
			buildRules = (
			);
			dependencies = (
				3A5441492BCDF10B00385131 /* PBXTargetDependency */,
			);
			name = PingExampleUITests;
			productName = PingExampleUITests;
			productReference = 3A5441472BCDF10B00385131 /* PingExampleUITests.xctest */;
			productType = "com.apple.product-type.bundle.ui-testing";
		};
/* End PBXNativeTarget section */

/* Begin PBXProject section */
		3A5441252BCDF10900385131 /* Project object */ = {
			isa = PBXProject;
			attributes = {
				BuildIndependentTargetsInParallel = 1;
				LastSwiftUpdateCheck = 1500;
				LastUpgradeCheck = 1500;
				TargetAttributes = {
					3A54412C2BCDF10900385131 = {
						CreatedOnToolsVersion = 15.0;
					};
					3A54413C2BCDF10B00385131 = {
						CreatedOnToolsVersion = 15.0;
						TestTargetID = 3A54412C2BCDF10900385131;
					};
					3A5441462BCDF10B00385131 = {
						CreatedOnToolsVersion = 15.0;
						TestTargetID = 3A54412C2BCDF10900385131;
					};
				};
			};
			buildConfigurationList = 3A5441282BCDF10900385131 /* Build configuration list for PBXProject "PingExample" */;
			compatibilityVersion = "Xcode 15.3";
			developmentRegion = en;
			hasScannedForEncodings = 0;
			knownRegions = (
				en,
				Base,
			);
			mainGroup = 3A5441242BCDF10900385131;
			productRefGroup = 3A54412E2BCDF10900385131 /* Products */;
			projectDirPath = "";
			projectReferences = (
				{
					ProductGroup = A57A09152CE511E7006F0CBB /* Products */;
					ProjectRef = 3A54420F2BCE1F2900385131 /* Davinci.xcodeproj */;
				},
				{
					ProductGroup = A57A08F52CE50D51006F0CBB /* Products */;
					ProjectRef = A588CFEA2BF69F1A00F9052A /* Logger.xcodeproj */;
				},
				{
					ProductGroup = A57A090D2CE51162006F0CBB /* Products */;
					ProjectRef = 3AB1CA1F2BD6F9AD003FCE3C /* Oidc.xcodeproj */;
				},
				{
					ProductGroup = A57A09052CE50FA5006F0CBB /* Products */;
					ProjectRef = 3A5442212BCE1F3800385131 /* Orchestrate.xcodeproj */;
				},
				{
					ProductGroup = A57A08FD2CE50EF1006F0CBB /* Products */;
					ProjectRef = A588CFF92BF69F3300F9052A /* Storage.xcodeproj */;
				},
			);
			projectRoot = "";
			targets = (
				3A54412C2BCDF10900385131 /* PingExample */,
				3A54413C2BCDF10B00385131 /* PingExampleTests */,
				3A5441462BCDF10B00385131 /* PingExampleUITests */,
			);
		};
/* End PBXProject section */

/* Begin PBXReferenceProxy section */
		A57A08FA2CE50D51006F0CBB /* PingLogger.framework */ = {
			isa = PBXReferenceProxy;
			fileType = wrapper.framework;
			path = PingLogger.framework;
			remoteRef = A57A08F92CE50D51006F0CBB /* PBXContainerItemProxy */;
			sourceTree = BUILT_PRODUCTS_DIR;
		};
		A57A08FC2CE50D51006F0CBB /* LoggerTests.xctest */ = {
			isa = PBXReferenceProxy;
			fileType = wrapper.cfbundle;
			path = LoggerTests.xctest;
			remoteRef = A57A08FB2CE50D51006F0CBB /* PBXContainerItemProxy */;
			sourceTree = BUILT_PRODUCTS_DIR;
		};
		A57A09022CE50EF1006F0CBB /* PingStorage.framework */ = {
			isa = PBXReferenceProxy;
			fileType = wrapper.framework;
			path = PingStorage.framework;
			remoteRef = A57A09012CE50EF1006F0CBB /* PBXContainerItemProxy */;
			sourceTree = BUILT_PRODUCTS_DIR;
		};
		A57A09042CE50EF1006F0CBB /* StorageTests.xctest */ = {
			isa = PBXReferenceProxy;
			fileType = wrapper.cfbundle;
			path = StorageTests.xctest;
			remoteRef = A57A09032CE50EF1006F0CBB /* PBXContainerItemProxy */;
			sourceTree = BUILT_PRODUCTS_DIR;
		};
		A57A090A2CE50FA5006F0CBB /* PingOrchestrate.framework */ = {
			isa = PBXReferenceProxy;
			fileType = wrapper.framework;
			path = PingOrchestrate.framework;
			remoteRef = A57A09092CE50FA5006F0CBB /* PBXContainerItemProxy */;
			sourceTree = BUILT_PRODUCTS_DIR;
		};
		A57A090C2CE50FA5006F0CBB /* OrchestrateTests.xctest */ = {
			isa = PBXReferenceProxy;
			fileType = wrapper.cfbundle;
			path = OrchestrateTests.xctest;
			remoteRef = A57A090B2CE50FA5006F0CBB /* PBXContainerItemProxy */;
			sourceTree = BUILT_PRODUCTS_DIR;
		};
		A57A09122CE51162006F0CBB /* PingOidc.framework */ = {
			isa = PBXReferenceProxy;
			fileType = wrapper.framework;
			path = PingOidc.framework;
			remoteRef = A57A09112CE51162006F0CBB /* PBXContainerItemProxy */;
			sourceTree = BUILT_PRODUCTS_DIR;
		};
		A57A09142CE51162006F0CBB /* OidcTests.xctest */ = {
			isa = PBXReferenceProxy;
			fileType = wrapper.cfbundle;
			path = OidcTests.xctest;
			remoteRef = A57A09132CE51162006F0CBB /* PBXContainerItemProxy */;
			sourceTree = BUILT_PRODUCTS_DIR;
		};
		A57A091A2CE511E7006F0CBB /* PingDavinci.framework */ = {
			isa = PBXReferenceProxy;
			fileType = wrapper.framework;
			path = PingDavinci.framework;
			remoteRef = A57A09192CE511E7006F0CBB /* PBXContainerItemProxy */;
			sourceTree = BUILT_PRODUCTS_DIR;
		};
		A57A091C2CE511E7006F0CBB /* DavinciTests.xctest */ = {
			isa = PBXReferenceProxy;
			fileType = wrapper.cfbundle;
			path = DavinciTests.xctest;
			remoteRef = A57A091B2CE511E7006F0CBB /* PBXContainerItemProxy */;
			sourceTree = BUILT_PRODUCTS_DIR;
		};
/* End PBXReferenceProxy section */

/* Begin PBXResourcesBuildPhase section */
		3A54412B2BCDF10900385131 /* Resources */ = {
			isa = PBXResourcesBuildPhase;
			buildActionMask = 2147483647;
			files = (
				3A5441382BCDF10B00385131 /* Preview Assets.xcassets in Resources */,
				3A5441352BCDF10B00385131 /* Assets.xcassets in Resources */,
			);
			runOnlyForDeploymentPostprocessing = 0;
		};
		3A54413B2BCDF10B00385131 /* Resources */ = {
			isa = PBXResourcesBuildPhase;
			buildActionMask = 2147483647;
			files = (
			);
			runOnlyForDeploymentPostprocessing = 0;
		};
		3A5441452BCDF10B00385131 /* Resources */ = {
			isa = PBXResourcesBuildPhase;
			buildActionMask = 2147483647;
			files = (
			);
			runOnlyForDeploymentPostprocessing = 0;
		};
/* End PBXResourcesBuildPhase section */

/* Begin PBXSourcesBuildPhase section */
		3A5441292BCDF10900385131 /* Sources */ = {
			isa = PBXSourcesBuildPhase;
			buildActionMask = 2147483647;
			files = (
				A588D0072BF6A0E500F9052A /* LoggerViewModel.swift in Sources */,
				3A8092F62BE9BB6B00AD667F /* TokenViewModel.swift in Sources */,
				3ACD90E12BE586BC00DABCE6 /* DavinciViewModel.swift in Sources */,
				3AE945742BF27224007B3381 /* LoginUtility.swift in Sources */,
				A588D0062BF6A0E500F9052A /* StorageViewModel.swift in Sources */,
				3A8532332BE2D5D800F8619D /* LoginView.swift in Sources */,
				3A5441332BCDF10900385131 /* ContentView.swift in Sources */,
				3A8092F42BE99F0F00AD667F /* InputView.swift in Sources */,
				3AB1C9F42BD6C6F3003FCE3C /* LoginViewModel.swift in Sources */,
				3A3709962BEB038200AA7B51 /* AccessToken.swift in Sources */,
			);
			runOnlyForDeploymentPostprocessing = 0;
		};
		3A5441392BCDF10B00385131 /* Sources */ = {
			isa = PBXSourcesBuildPhase;
			buildActionMask = 2147483647;
			files = (
				3A5441422BCDF10B00385131 /* PingExampleTests.swift in Sources */,
			);
			runOnlyForDeploymentPostprocessing = 0;
		};
		3A5441432BCDF10B00385131 /* Sources */ = {
			isa = PBXSourcesBuildPhase;
			buildActionMask = 2147483647;
			files = (
				3A54414C2BCDF10B00385131 /* PingExampleUITests.swift in Sources */,
				3A54414E2BCDF10B00385131 /* PingExampleUITestsLaunchTests.swift in Sources */,
			);
			runOnlyForDeploymentPostprocessing = 0;
		};
/* End PBXSourcesBuildPhase section */

/* Begin PBXTargetDependency section */
		3A54413F2BCDF10B00385131 /* PBXTargetDependency */ = {
			isa = PBXTargetDependency;
			target = 3A54412C2BCDF10900385131 /* PingExample */;
			targetProxy = 3A54413E2BCDF10B00385131 /* PBXContainerItemProxy */;
		};
		3A5441492BCDF10B00385131 /* PBXTargetDependency */ = {
			isa = PBXTargetDependency;
			target = 3A54412C2BCDF10900385131 /* PingExample */;
			targetProxy = 3A5441482BCDF10B00385131 /* PBXContainerItemProxy */;
		};
/* End PBXTargetDependency section */

/* Begin XCBuildConfiguration section */
		3A54414F2BCDF10B00385131 /* Debug */ = {
			isa = XCBuildConfiguration;
			buildSettings = {
				ALWAYS_SEARCH_USER_PATHS = NO;
				ASSETCATALOG_COMPILER_GENERATE_SWIFT_ASSET_SYMBOL_EXTENSIONS = YES;
				CLANG_ANALYZER_NONNULL = YES;
				CLANG_ANALYZER_NUMBER_OBJECT_CONVERSION = YES_AGGRESSIVE;
				CLANG_CXX_LANGUAGE_STANDARD = "gnu++20";
				CLANG_ENABLE_MODULES = YES;
				CLANG_ENABLE_OBJC_ARC = YES;
				CLANG_ENABLE_OBJC_WEAK = YES;
				CLANG_WARN_BLOCK_CAPTURE_AUTORELEASING = YES;
				CLANG_WARN_BOOL_CONVERSION = YES;
				CLANG_WARN_COMMA = YES;
				CLANG_WARN_CONSTANT_CONVERSION = YES;
				CLANG_WARN_DEPRECATED_OBJC_IMPLEMENTATIONS = YES;
				CLANG_WARN_DIRECT_OBJC_ISA_USAGE = YES_ERROR;
				CLANG_WARN_DOCUMENTATION_COMMENTS = YES;
				CLANG_WARN_EMPTY_BODY = YES;
				CLANG_WARN_ENUM_CONVERSION = YES;
				CLANG_WARN_INFINITE_RECURSION = YES;
				CLANG_WARN_INT_CONVERSION = YES;
				CLANG_WARN_NON_LITERAL_NULL_CONVERSION = YES;
				CLANG_WARN_OBJC_IMPLICIT_RETAIN_SELF = YES;
				CLANG_WARN_OBJC_LITERAL_CONVERSION = YES;
				CLANG_WARN_OBJC_ROOT_CLASS = YES_ERROR;
				CLANG_WARN_QUOTED_INCLUDE_IN_FRAMEWORK_HEADER = YES;
				CLANG_WARN_RANGE_LOOP_ANALYSIS = YES;
				CLANG_WARN_STRICT_PROTOTYPES = YES;
				CLANG_WARN_SUSPICIOUS_MOVE = YES;
				CLANG_WARN_UNGUARDED_AVAILABILITY = YES_AGGRESSIVE;
				CLANG_WARN_UNREACHABLE_CODE = YES;
				CLANG_WARN__DUPLICATE_METHOD_MATCH = YES;
				COPY_PHASE_STRIP = NO;
				DEBUG_INFORMATION_FORMAT = dwarf;
				ENABLE_STRICT_OBJC_MSGSEND = YES;
				ENABLE_TESTABILITY = YES;
				ENABLE_USER_SCRIPT_SANDBOXING = YES;
				GCC_C_LANGUAGE_STANDARD = gnu17;
				GCC_DYNAMIC_NO_PIC = NO;
				GCC_NO_COMMON_BLOCKS = YES;
				GCC_OPTIMIZATION_LEVEL = 0;
				GCC_PREPROCESSOR_DEFINITIONS = (
					"DEBUG=1",
					"$(inherited)",
				);
				GCC_WARN_64_TO_32_BIT_CONVERSION = YES;
				GCC_WARN_ABOUT_RETURN_TYPE = YES_ERROR;
				GCC_WARN_UNDECLARED_SELECTOR = YES;
				GCC_WARN_UNINITIALIZED_AUTOS = YES_AGGRESSIVE;
				GCC_WARN_UNUSED_FUNCTION = YES;
				GCC_WARN_UNUSED_VARIABLE = YES;
				IPHONEOS_DEPLOYMENT_TARGET = 16.0;
				LOCALIZATION_PREFERS_STRING_CATALOGS = YES;
				MTL_ENABLE_DEBUG_INFO = INCLUDE_SOURCE;
				MTL_FAST_MATH = YES;
				ONLY_ACTIVE_ARCH = YES;
				OTHER_SWIFT_FLAGS = "";
				SDKROOT = iphoneos;
				SWIFT_ACTIVE_COMPILATION_CONDITIONS = "DEBUG $(inherited)";
				SWIFT_OPTIMIZATION_LEVEL = "-Onone";
			};
			name = Debug;
		};
		3A5441502BCDF10B00385131 /* Release */ = {
			isa = XCBuildConfiguration;
			buildSettings = {
				ALWAYS_SEARCH_USER_PATHS = NO;
				ASSETCATALOG_COMPILER_GENERATE_SWIFT_ASSET_SYMBOL_EXTENSIONS = YES;
				CLANG_ANALYZER_NONNULL = YES;
				CLANG_ANALYZER_NUMBER_OBJECT_CONVERSION = YES_AGGRESSIVE;
				CLANG_CXX_LANGUAGE_STANDARD = "gnu++20";
				CLANG_ENABLE_MODULES = YES;
				CLANG_ENABLE_OBJC_ARC = YES;
				CLANG_ENABLE_OBJC_WEAK = YES;
				CLANG_WARN_BLOCK_CAPTURE_AUTORELEASING = YES;
				CLANG_WARN_BOOL_CONVERSION = YES;
				CLANG_WARN_COMMA = YES;
				CLANG_WARN_CONSTANT_CONVERSION = YES;
				CLANG_WARN_DEPRECATED_OBJC_IMPLEMENTATIONS = YES;
				CLANG_WARN_DIRECT_OBJC_ISA_USAGE = YES_ERROR;
				CLANG_WARN_DOCUMENTATION_COMMENTS = YES;
				CLANG_WARN_EMPTY_BODY = YES;
				CLANG_WARN_ENUM_CONVERSION = YES;
				CLANG_WARN_INFINITE_RECURSION = YES;
				CLANG_WARN_INT_CONVERSION = YES;
				CLANG_WARN_NON_LITERAL_NULL_CONVERSION = YES;
				CLANG_WARN_OBJC_IMPLICIT_RETAIN_SELF = YES;
				CLANG_WARN_OBJC_LITERAL_CONVERSION = YES;
				CLANG_WARN_OBJC_ROOT_CLASS = YES_ERROR;
				CLANG_WARN_QUOTED_INCLUDE_IN_FRAMEWORK_HEADER = YES;
				CLANG_WARN_RANGE_LOOP_ANALYSIS = YES;
				CLANG_WARN_STRICT_PROTOTYPES = YES;
				CLANG_WARN_SUSPICIOUS_MOVE = YES;
				CLANG_WARN_UNGUARDED_AVAILABILITY = YES_AGGRESSIVE;
				CLANG_WARN_UNREACHABLE_CODE = YES;
				CLANG_WARN__DUPLICATE_METHOD_MATCH = YES;
				COPY_PHASE_STRIP = NO;
				DEBUG_INFORMATION_FORMAT = "dwarf-with-dsym";
				ENABLE_NS_ASSERTIONS = NO;
				ENABLE_STRICT_OBJC_MSGSEND = YES;
				ENABLE_USER_SCRIPT_SANDBOXING = YES;
				GCC_C_LANGUAGE_STANDARD = gnu17;
				GCC_NO_COMMON_BLOCKS = YES;
				GCC_WARN_64_TO_32_BIT_CONVERSION = YES;
				GCC_WARN_ABOUT_RETURN_TYPE = YES_ERROR;
				GCC_WARN_UNDECLARED_SELECTOR = YES;
				GCC_WARN_UNINITIALIZED_AUTOS = YES_AGGRESSIVE;
				GCC_WARN_UNUSED_FUNCTION = YES;
				GCC_WARN_UNUSED_VARIABLE = YES;
				IPHONEOS_DEPLOYMENT_TARGET = 16.0;
				LOCALIZATION_PREFERS_STRING_CATALOGS = YES;
				MTL_ENABLE_DEBUG_INFO = NO;
				MTL_FAST_MATH = YES;
				OTHER_SWIFT_FLAGS = "";
				SDKROOT = iphoneos;
				SWIFT_COMPILATION_MODE = wholemodule;
				VALIDATE_PRODUCT = YES;
			};
			name = Release;
		};
		3A5441522BCDF10B00385131 /* Debug */ = {
			isa = XCBuildConfiguration;
			buildSettings = {
				ASSETCATALOG_COMPILER_APPICON_NAME = AppIcon;
				ASSETCATALOG_COMPILER_GLOBAL_ACCENT_COLOR_NAME = AccentColor;
				CODE_SIGN_STYLE = Automatic;
				CURRENT_PROJECT_VERSION = 1;
				DEVELOPMENT_ASSET_PATHS = "\"PingExample/Preview Content\"";
				DEVELOPMENT_TEAM = 9QSE66762D;
				ENABLE_PREVIEWS = YES;
				GENERATE_INFOPLIST_FILE = YES;
				INFOPLIST_KEY_CFBundleDisplayName = Davinci;
				INFOPLIST_KEY_UIApplicationSceneManifest_Generation = YES;
				INFOPLIST_KEY_UIApplicationSupportsIndirectInputEvents = YES;
				INFOPLIST_KEY_UILaunchScreen_Generation = YES;
				INFOPLIST_KEY_UISupportedInterfaceOrientations = UIInterfaceOrientationPortrait;
				INFOPLIST_KEY_UISupportedInterfaceOrientations_iPad = "UIInterfaceOrientationLandscapeLeft UIInterfaceOrientationLandscapeRight UIInterfaceOrientationPortrait UIInterfaceOrientationPortraitUpsideDown";
				IPHONEOS_DEPLOYMENT_TARGET = 16.0;
				LD_RUNPATH_SEARCH_PATHS = (
					"$(inherited)",
					"@executable_path/Frameworks",
				);
				MARKETING_VERSION = "0.9.0-beta2";
				PRODUCT_BUNDLE_IDENTIFIER = com.pingidentity.PingExample;
				PRODUCT_NAME = "$(TARGET_NAME)";
				SWIFT_EMIT_LOC_STRINGS = YES;
				SWIFT_VERSION = 5.0;
				TARGETED_DEVICE_FAMILY = "1,2";
			};
			name = Debug;
		};
		3A5441532BCDF10B00385131 /* Release */ = {
			isa = XCBuildConfiguration;
			buildSettings = {
				ASSETCATALOG_COMPILER_APPICON_NAME = AppIcon;
				ASSETCATALOG_COMPILER_GLOBAL_ACCENT_COLOR_NAME = AccentColor;
				CODE_SIGN_STYLE = Automatic;
				CURRENT_PROJECT_VERSION = 1;
				DEVELOPMENT_ASSET_PATHS = "\"PingExample/Preview Content\"";
				DEVELOPMENT_TEAM = 9QSE66762D;
				ENABLE_PREVIEWS = YES;
				GENERATE_INFOPLIST_FILE = YES;
				INFOPLIST_KEY_CFBundleDisplayName = Davinci;
				INFOPLIST_KEY_UIApplicationSceneManifest_Generation = YES;
				INFOPLIST_KEY_UIApplicationSupportsIndirectInputEvents = YES;
				INFOPLIST_KEY_UILaunchScreen_Generation = YES;
				INFOPLIST_KEY_UISupportedInterfaceOrientations = UIInterfaceOrientationPortrait;
				INFOPLIST_KEY_UISupportedInterfaceOrientations_iPad = "UIInterfaceOrientationLandscapeLeft UIInterfaceOrientationLandscapeRight UIInterfaceOrientationPortrait UIInterfaceOrientationPortraitUpsideDown";
				IPHONEOS_DEPLOYMENT_TARGET = 16.0;
				LD_RUNPATH_SEARCH_PATHS = (
					"$(inherited)",
					"@executable_path/Frameworks",
				);
				MARKETING_VERSION = "0.9.0-beta2";
				PRODUCT_BUNDLE_IDENTIFIER = com.pingidentity.PingExample;
				PRODUCT_NAME = "$(TARGET_NAME)";
				SWIFT_EMIT_LOC_STRINGS = YES;
				SWIFT_VERSION = 5.0;
				TARGETED_DEVICE_FAMILY = "1,2";
			};
			name = Release;
		};
		3A5441552BCDF10B00385131 /* Debug */ = {
			isa = XCBuildConfiguration;
			buildSettings = {
				ALWAYS_EMBED_SWIFT_STANDARD_LIBRARIES = YES;
				BUNDLE_LOADER = "$(TEST_HOST)";
				CODE_SIGN_STYLE = Automatic;
				CURRENT_PROJECT_VERSION = 1;
				DEVELOPMENT_TEAM = 9QSE66762D;
				GENERATE_INFOPLIST_FILE = YES;
				IPHONEOS_DEPLOYMENT_TARGET = 17.0;
				MARKETING_VERSION = 1.0;
				PRODUCT_BUNDLE_IDENTIFIER = com.pingidentity.PingExampleTests;
				PRODUCT_NAME = "$(TARGET_NAME)";
				SWIFT_EMIT_LOC_STRINGS = NO;
				SWIFT_VERSION = 5.0;
				TARGETED_DEVICE_FAMILY = "1,2";
				TEST_HOST = "$(BUILT_PRODUCTS_DIR)/PingExample.app/$(BUNDLE_EXECUTABLE_FOLDER_PATH)/PingExample";
			};
			name = Debug;
		};
		3A5441562BCDF10B00385131 /* Release */ = {
			isa = XCBuildConfiguration;
			buildSettings = {
				ALWAYS_EMBED_SWIFT_STANDARD_LIBRARIES = YES;
				BUNDLE_LOADER = "$(TEST_HOST)";
				CODE_SIGN_STYLE = Automatic;
				CURRENT_PROJECT_VERSION = 1;
				DEVELOPMENT_TEAM = 9QSE66762D;
				GENERATE_INFOPLIST_FILE = YES;
				IPHONEOS_DEPLOYMENT_TARGET = 17.0;
				MARKETING_VERSION = 1.0;
				PRODUCT_BUNDLE_IDENTIFIER = com.pingidentity.PingExampleTests;
				PRODUCT_NAME = "$(TARGET_NAME)";
				SWIFT_EMIT_LOC_STRINGS = NO;
				SWIFT_VERSION = 5.0;
				TARGETED_DEVICE_FAMILY = "1,2";
				TEST_HOST = "$(BUILT_PRODUCTS_DIR)/PingExample.app/$(BUNDLE_EXECUTABLE_FOLDER_PATH)/PingExample";
			};
			name = Release;
		};
		3A5441582BCDF10B00385131 /* Debug */ = {
			isa = XCBuildConfiguration;
			buildSettings = {
				ALWAYS_EMBED_SWIFT_STANDARD_LIBRARIES = YES;
				CODE_SIGN_STYLE = Automatic;
				CURRENT_PROJECT_VERSION = 1;
				DEVELOPMENT_TEAM = 9QSE66762D;
				GENERATE_INFOPLIST_FILE = YES;
				MARKETING_VERSION = 1.0;
				PRODUCT_BUNDLE_IDENTIFIER = com.pingidentity.PingExampleUITests;
				PRODUCT_NAME = "$(TARGET_NAME)";
				SWIFT_EMIT_LOC_STRINGS = NO;
				SWIFT_VERSION = 5.0;
				TARGETED_DEVICE_FAMILY = "1,2";
				TEST_TARGET_NAME = PingExample;
			};
			name = Debug;
		};
		3A5441592BCDF10B00385131 /* Release */ = {
			isa = XCBuildConfiguration;
			buildSettings = {
				ALWAYS_EMBED_SWIFT_STANDARD_LIBRARIES = YES;
				CODE_SIGN_STYLE = Automatic;
				CURRENT_PROJECT_VERSION = 1;
				DEVELOPMENT_TEAM = 9QSE66762D;
				GENERATE_INFOPLIST_FILE = YES;
				MARKETING_VERSION = 1.0;
				PRODUCT_BUNDLE_IDENTIFIER = com.pingidentity.PingExampleUITests;
				PRODUCT_NAME = "$(TARGET_NAME)";
				SWIFT_EMIT_LOC_STRINGS = NO;
				SWIFT_VERSION = 5.0;
				TARGETED_DEVICE_FAMILY = "1,2";
				TEST_TARGET_NAME = PingExample;
			};
			name = Release;
		};
/* End XCBuildConfiguration section */

/* Begin XCConfigurationList section */
		3A5441282BCDF10900385131 /* Build configuration list for PBXProject "PingExample" */ = {
			isa = XCConfigurationList;
			buildConfigurations = (
				3A54414F2BCDF10B00385131 /* Debug */,
				3A5441502BCDF10B00385131 /* Release */,
			);
			defaultConfigurationIsVisible = 0;
			defaultConfigurationName = Release;
		};
		3A5441512BCDF10B00385131 /* Build configuration list for PBXNativeTarget "PingExample" */ = {
			isa = XCConfigurationList;
			buildConfigurations = (
				3A5441522BCDF10B00385131 /* Debug */,
				3A5441532BCDF10B00385131 /* Release */,
			);
			defaultConfigurationIsVisible = 0;
			defaultConfigurationName = Release;
		};
		3A5441542BCDF10B00385131 /* Build configuration list for PBXNativeTarget "PingExampleTests" */ = {
			isa = XCConfigurationList;
			buildConfigurations = (
				3A5441552BCDF10B00385131 /* Debug */,
				3A5441562BCDF10B00385131 /* Release */,
			);
			defaultConfigurationIsVisible = 0;
			defaultConfigurationName = Release;
		};
		3A5441572BCDF10B00385131 /* Build configuration list for PBXNativeTarget "PingExampleUITests" */ = {
			isa = XCConfigurationList;
			buildConfigurations = (
				3A5441582BCDF10B00385131 /* Debug */,
				3A5441592BCDF10B00385131 /* Release */,
			);
			defaultConfigurationIsVisible = 0;
			defaultConfigurationName = Release;
		};
/* End XCConfigurationList section */
	};
	rootObject = 3A5441252BCDF10900385131 /* Project object */;
}
